// !$*UTF8*$!
{
	archiveVersion = 1;
	classes = {
	};
	objectVersion = 50;
	objects = {

/* Begin PBXBuildFile section */
		A61AA4DB22E7AFE3001B8299 /* home.swift in Sources */ = {isa = PBXBuildFile; fileRef = A61AA4DA22E7AFE3001B8299 /* home.swift */; };
		A634F2C822E7644D00F4FA73 /* AppDelegate.swift in Sources */ = {isa = PBXBuildFile; fileRef = A634F2C722E7644D00F4FA73 /* AppDelegate.swift */; };
		A634F2CA22E7644D00F4FA73 /* GameScene.sks in Resources */ = {isa = PBXBuildFile; fileRef = A634F2C922E7644D00F4FA73 /* GameScene.sks */; };
		A634F2CC22E7644D00F4FA73 /* Actions.sks in Resources */ = {isa = PBXBuildFile; fileRef = A634F2CB22E7644D00F4FA73 /* Actions.sks */; };
		A634F2CE22E7644D00F4FA73 /* GameScene.swift in Sources */ = {isa = PBXBuildFile; fileRef = A634F2CD22E7644D00F4FA73 /* GameScene.swift */; };
		A634F2D022E7644D00F4FA73 /* GameViewController.swift in Sources */ = {isa = PBXBuildFile; fileRef = A634F2CF22E7644D00F4FA73 /* GameViewController.swift */; };
		A634F2D322E7644D00F4FA73 /* Main.storyboard in Resources */ = {isa = PBXBuildFile; fileRef = A634F2D122E7644D00F4FA73 /* Main.storyboard */; };
		A634F2D522E7644E00F4FA73 /* Assets.xcassets in Resources */ = {isa = PBXBuildFile; fileRef = A634F2D422E7644E00F4FA73 /* Assets.xcassets */; };
		A634F2D822E7644E00F4FA73 /* LaunchScreen.storyboard in Resources */ = {isa = PBXBuildFile; fileRef = A634F2D622E7644E00F4FA73 /* LaunchScreen.storyboard */; };
		A634F2E322E7644E00F4FA73 /* learnTests.swift in Sources */ = {isa = PBXBuildFile; fileRef = A634F2E222E7644E00F4FA73 /* learnTests.swift */; };
		A634F2EE22E7644E00F4FA73 /* learnUITests.swift in Sources */ = {isa = PBXBuildFile; fileRef = A634F2ED22E7644E00F4FA73 /* learnUITests.swift */; };
/* End PBXBuildFile section */

/* Begin PBXContainerItemProxy section */
		A634F2DF22E7644E00F4FA73 /* PBXContainerItemProxy */ = {
			isa = PBXContainerItemProxy;
			containerPortal = A634F2BC22E7644C00F4FA73 /* Project object */;
			proxyType = 1;
			remoteGlobalIDString = A634F2C322E7644D00F4FA73;
			remoteInfo = learn;
		};
		A634F2EA22E7644E00F4FA73 /* PBXContainerItemProxy */ = {
			isa = PBXContainerItemProxy;
			containerPortal = A634F2BC22E7644C00F4FA73 /* Project object */;
			proxyType = 1;
			remoteGlobalIDString = A634F2C322E7644D00F4FA73;
			remoteInfo = learn;
		};
/* End PBXContainerItemProxy section */

/* Begin PBXFileReference section */
		A61AA4DA22E7AFE3001B8299 /* home.swift */ = {isa = PBXFileReference; lastKnownFileType = sourcecode.swift; path = home.swift; sourceTree = "<group>"; };
		A634F2C422E7644D00F4FA73 /* learn.app */ = {isa = PBXFileReference; explicitFileType = wrapper.application; includeInIndex = 0; path = learn.app; sourceTree = BUILT_PRODUCTS_DIR; };
		A634F2C722E7644D00F4FA73 /* AppDelegate.swift */ = {isa = PBXFileReference; lastKnownFileType = sourcecode.swift; path = AppDelegate.swift; sourceTree = "<group>"; };
		A634F2C922E7644D00F4FA73 /* GameScene.sks */ = {isa = PBXFileReference; lastKnownFileType = file.sks; path = GameScene.sks; sourceTree = "<group>"; };
		A634F2CB22E7644D00F4FA73 /* Actions.sks */ = {isa = PBXFileReference; lastKnownFileType = file.sks; path = Actions.sks; sourceTree = "<group>"; };
		A634F2CD22E7644D00F4FA73 /* GameScene.swift */ = {isa = PBXFileReference; lastKnownFileType = sourcecode.swift; path = GameScene.swift; sourceTree = "<group>"; };
		A634F2CF22E7644D00F4FA73 /* GameViewController.swift */ = {isa = PBXFileReference; lastKnownFileType = sourcecode.swift; path = GameViewController.swift; sourceTree = "<group>"; };
		A634F2D222E7644D00F4FA73 /* Base */ = {isa = PBXFileReference; lastKnownFileType = file.storyboard; name = Base; path = Base.lproj/Main.storyboard; sourceTree = "<group>"; };
		A634F2D422E7644E00F4FA73 /* Assets.xcassets */ = {isa = PBXFileReference; lastKnownFileType = folder.assetcatalog; path = Assets.xcassets; sourceTree = "<group>"; };
		A634F2D722E7644E00F4FA73 /* Base */ = {isa = PBXFileReference; lastKnownFileType = file.storyboard; name = Base; path = Base.lproj/LaunchScreen.storyboard; sourceTree = "<group>"; };
		A634F2D922E7644E00F4FA73 /* Info.plist */ = {isa = PBXFileReference; lastKnownFileType = text.plist.xml; path = Info.plist; sourceTree = "<group>"; };
		A634F2DE22E7644E00F4FA73 /* learnTests.xctest */ = {isa = PBXFileReference; explicitFileType = wrapper.cfbundle; includeInIndex = 0; path = learnTests.xctest; sourceTree = BUILT_PRODUCTS_DIR; };
		A634F2E222E7644E00F4FA73 /* learnTests.swift */ = {isa = PBXFileReference; lastKnownFileType = sourcecode.swift; path = learnTests.swift; sourceTree = "<group>"; };
		A634F2E422E7644E00F4FA73 /* Info.plist */ = {isa = PBXFileReference; lastKnownFileType = text.plist.xml; path = Info.plist; sourceTree = "<group>"; };
		A634F2E922E7644E00F4FA73 /* learnUITests.xctest */ = {isa = PBXFileReference; explicitFileType = wrapper.cfbundle; includeInIndex = 0; path = learnUITests.xctest; sourceTree = BUILT_PRODUCTS_DIR; };
		A634F2ED22E7644E00F4FA73 /* learnUITests.swift */ = {isa = PBXFileReference; lastKnownFileType = sourcecode.swift; path = learnUITests.swift; sourceTree = "<group>"; };
		A634F2EF22E7644E00F4FA73 /* Info.plist */ = {isa = PBXFileReference; lastKnownFileType = text.plist.xml; path = Info.plist; sourceTree = "<group>"; };
/* End PBXFileReference section */

/* Begin PBXFrameworksBuildPhase section */
		A634F2C122E7644D00F4FA73 /* Frameworks */ = {
			isa = PBXFrameworksBuildPhase;
			buildActionMask = 2147483647;
			files = (
			);
			runOnlyForDeploymentPostprocessing = 0;
		};
		A634F2DB22E7644E00F4FA73 /* Frameworks */ = {
			isa = PBXFrameworksBuildPhase;
			buildActionMask = 2147483647;
			files = (
			);
			runOnlyForDeploymentPostprocessing = 0;
		};
		A634F2E622E7644E00F4FA73 /* Frameworks */ = {
			isa = PBXFrameworksBuildPhase;
			buildActionMask = 2147483647;
			files = (
			);
			runOnlyForDeploymentPostprocessing = 0;
		};
/* End PBXFrameworksBuildPhase section */

/* Begin PBXGroup section */
		A634F2BB22E7644C00F4FA73 = {
			isa = PBXGroup;
			children = (
				A634F2C622E7644D00F4FA73 /* learn */,
				A634F2E122E7644E00F4FA73 /* learnTests */,
				A634F2EC22E7644E00F4FA73 /* learnUITests */,
				A634F2C522E7644D00F4FA73 /* Products */,
			);
			sourceTree = "<group>";
		};
		A634F2C522E7644D00F4FA73 /* Products */ = {
			isa = PBXGroup;
			children = (
				A634F2C422E7644D00F4FA73 /* learn.app */,
				A634F2DE22E7644E00F4FA73 /* learnTests.xctest */,
				A634F2E922E7644E00F4FA73 /* learnUITests.xctest */,
			);
			name = Products;
			sourceTree = "<group>";
		};
		A634F2C622E7644D00F4FA73 /* learn */ = {
			isa = PBXGroup;
			children = (
				A634F2C722E7644D00F4FA73 /* AppDelegate.swift */,
				A634F2C922E7644D00F4FA73 /* GameScene.sks */,
				A634F2CB22E7644D00F4FA73 /* Actions.sks */,
				A634F2CD22E7644D00F4FA73 /* GameScene.swift */,
				A634F2CF22E7644D00F4FA73 /* GameViewController.swift */,
				A634F2D122E7644D00F4FA73 /* Main.storyboard */,
				A634F2D422E7644E00F4FA73 /* Assets.xcassets */,
				A634F2D622E7644E00F4FA73 /* LaunchScreen.storyboard */,
				A634F2D922E7644E00F4FA73 /* Info.plist */,
				A61AA4DA22E7AFE3001B8299 /* home.swift */,
			);
			path = learn;
			sourceTree = "<group>";
		};
		A634F2E122E7644E00F4FA73 /* learnTests */ = {
			isa = PBXGroup;
			children = (
				A634F2E222E7644E00F4FA73 /* learnTests.swift */,
				A634F2E422E7644E00F4FA73 /* Info.plist */,
			);
			path = learnTests;
			sourceTree = "<group>";
		};
		A634F2EC22E7644E00F4FA73 /* learnUITests */ = {
			isa = PBXGroup;
			children = (
				A634F2ED22E7644E00F4FA73 /* learnUITests.swift */,
				A634F2EF22E7644E00F4FA73 /* Info.plist */,
			);
			path = learnUITests;
			sourceTree = "<group>";
		};
/* End PBXGroup section */

/* Begin PBXNativeTarget section */
		A634F2C322E7644D00F4FA73 /* learn */ = {
			isa = PBXNativeTarget;
			buildConfigurationList = A634F2F222E7644E00F4FA73 /* Build configuration list for PBXNativeTarget "learn" */;
			buildPhases = (
				A634F2C022E7644D00F4FA73 /* Sources */,
				A634F2C122E7644D00F4FA73 /* Frameworks */,
				A634F2C222E7644D00F4FA73 /* Resources */,
			);
			buildRules = (
			);
			dependencies = (
			);
			name = learn;
			productName = learn;
			productReference = A634F2C422E7644D00F4FA73 /* learn.app */;
			productType = "com.apple.product-type.application";
		};
		A634F2DD22E7644E00F4FA73 /* learnTests */ = {
			isa = PBXNativeTarget;
			buildConfigurationList = A634F2F522E7644E00F4FA73 /* Build configuration list for PBXNativeTarget "learnTests" */;
			buildPhases = (
				A634F2DA22E7644E00F4FA73 /* Sources */,
				A634F2DB22E7644E00F4FA73 /* Frameworks */,
				A634F2DC22E7644E00F4FA73 /* Resources */,
			);
			buildRules = (
			);
			dependencies = (
				A634F2E022E7644E00F4FA73 /* PBXTargetDependency */,
			);
			name = learnTests;
			productName = learnTests;
			productReference = A634F2DE22E7644E00F4FA73 /* learnTests.xctest */;
			productType = "com.apple.product-type.bundle.unit-test";
		};
		A634F2E822E7644E00F4FA73 /* learnUITests */ = {
			isa = PBXNativeTarget;
			buildConfigurationList = A634F2F822E7644E00F4FA73 /* Build configuration list for PBXNativeTarget "learnUITests" */;
			buildPhases = (
				A634F2E522E7644E00F4FA73 /* Sources */,
				A634F2E622E7644E00F4FA73 /* Frameworks */,
				A634F2E722E7644E00F4FA73 /* Resources */,
			);
			buildRules = (
			);
			dependencies = (
				A634F2EB22E7644E00F4FA73 /* PBXTargetDependency */,
			);
			name = learnUITests;
			productName = learnUITests;
			productReference = A634F2E922E7644E00F4FA73 /* learnUITests.xctest */;
			productType = "com.apple.product-type.bundle.ui-testing";
		};
/* End PBXNativeTarget section */

/* Begin PBXProject section */
		A634F2BC22E7644C00F4FA73 /* Project object */ = {
			isa = PBXProject;
			attributes = {
				LastSwiftUpdateCheck = 1020;
				LastUpgradeCheck = 1020;
				ORGANIZATIONNAME = Slacker;
				TargetAttributes = {
					A634F2C322E7644D00F4FA73 = {
						CreatedOnToolsVersion = 10.2.1;
					};
					A634F2DD22E7644E00F4FA73 = {
						CreatedOnToolsVersion = 10.2.1;
						TestTargetID = A634F2C322E7644D00F4FA73;
					};
					A634F2E822E7644E00F4FA73 = {
						CreatedOnToolsVersion = 10.2.1;
						TestTargetID = A634F2C322E7644D00F4FA73;
					};
				};
			};
			buildConfigurationList = A634F2BF22E7644C00F4FA73 /* Build configuration list for PBXProject "learn" */;
			compatibilityVersion = "Xcode 9.3";
			developmentRegion = en;
			hasScannedForEncodings = 0;
			knownRegions = (
				en,
				Base,
			);
			mainGroup = A634F2BB22E7644C00F4FA73;
			productRefGroup = A634F2C522E7644D00F4FA73 /* Products */;
			projectDirPath = "";
			projectRoot = "";
			targets = (
				A634F2C322E7644D00F4FA73 /* learn */,
				A634F2DD22E7644E00F4FA73 /* learnTests */,
				A634F2E822E7644E00F4FA73 /* learnUITests */,
			);
		};
/* End PBXProject section */

/* Begin PBXResourcesBuildPhase section */
		A634F2C222E7644D00F4FA73 /* Resources */ = {
			isa = PBXResourcesBuildPhase;
			buildActionMask = 2147483647;
			files = (
				A634F2D322E7644D00F4FA73 /* Main.storyboard in Resources */,
				A634F2CA22E7644D00F4FA73 /* GameScene.sks in Resources */,
				A634F2D522E7644E00F4FA73 /* Assets.xcassets in Resources */,
				A634F2D822E7644E00F4FA73 /* LaunchScreen.storyboard in Resources */,
				A634F2CC22E7644D00F4FA73 /* Actions.sks in Resources */,
			);
			runOnlyForDeploymentPostprocessing = 0;
		};
		A634F2DC22E7644E00F4FA73 /* Resources */ = {
			isa = PBXResourcesBuildPhase;
			buildActionMask = 2147483647;
			files = (
			);
			runOnlyForDeploymentPostprocessing = 0;
		};
		A634F2E722E7644E00F4FA73 /* Resources */ = {
			isa = PBXResourcesBuildPhase;
			buildActionMask = 2147483647;
			files = (
			);
			runOnlyForDeploymentPostprocessing = 0;
		};
/* End PBXResourcesBuildPhase section */

/* Begin PBXSourcesBuildPhase section */
		A634F2C022E7644D00F4FA73 /* Sources */ = {
			isa = PBXSourcesBuildPhase;
			buildActionMask = 2147483647;
			files = (
				A634F2CE22E7644D00F4FA73 /* GameScene.swift in Sources */,
				A634F2D022E7644D00F4FA73 /* GameViewController.swift in Sources */,
				A61AA4DB22E7AFE3001B8299 /* home.swift in Sources */,
				A634F2C822E7644D00F4FA73 /* AppDelegate.swift in Sources */,
			);
			runOnlyForDeploymentPostprocessing = 0;
		};
		A634F2DA22E7644E00F4FA73 /* Sources */ = {
			isa = PBXSourcesBuildPhase;
			buildActionMask = 2147483647;
			files = (
				A634F2E322E7644E00F4FA73 /* learnTests.swift in Sources */,
			);
			runOnlyForDeploymentPostprocessing = 0;
		};
		A634F2E522E7644E00F4FA73 /* Sources */ = {
			isa = PBXSourcesBuildPhase;
			buildActionMask = 2147483647;
			files = (
				A634F2EE22E7644E00F4FA73 /* learnUITests.swift in Sources */,
			);
			runOnlyForDeploymentPostprocessing = 0;
		};
/* End PBXSourcesBuildPhase section */

/* Begin PBXTargetDependency section */
		A634F2E022E7644E00F4FA73 /* PBXTargetDependency */ = {
			isa = PBXTargetDependency;
			target = A634F2C322E7644D00F4FA73 /* learn */;
			targetProxy = A634F2DF22E7644E00F4FA73 /* PBXContainerItemProxy */;
		};
		A634F2EB22E7644E00F4FA73 /* PBXTargetDependency */ = {
			isa = PBXTargetDependency;
			target = A634F2C322E7644D00F4FA73 /* learn */;
			targetProxy = A634F2EA22E7644E00F4FA73 /* PBXContainerItemProxy */;
		};
/* End PBXTargetDependency section */

/* Begin PBXVariantGroup section */
		A634F2D122E7644D00F4FA73 /* Main.storyboard */ = {
			isa = PBXVariantGroup;
			children = (
				A634F2D222E7644D00F4FA73 /* Base */,
			);
			name = Main.storyboard;
			sourceTree = "<group>";
		};
		A634F2D622E7644E00F4FA73 /* LaunchScreen.storyboard */ = {
			isa = PBXVariantGroup;
			children = (
				A634F2D722E7644E00F4FA73 /* Base */,
			);
			name = LaunchScreen.storyboard;
			sourceTree = "<group>";
		};
/* End PBXVariantGroup section */

/* Begin XCBuildConfiguration section */
		A634F2F022E7644E00F4FA73 /* Debug */ = {
			isa = XCBuildConfiguration;
			buildSettings = {
				ALWAYS_SEARCH_USER_PATHS = NO;
				CLANG_ANALYZER_NONNULL = YES;
				CLANG_ANALYZER_NUMBER_OBJECT_CONVERSION = YES_AGGRESSIVE;
				CLANG_CXX_LANGUAGE_STANDARD = "gnu++14";
				CLANG_CXX_LIBRARY = "libc++";
				CLANG_ENABLE_MODULES = YES;
				CLANG_ENABLE_OBJC_ARC = YES;
				CLANG_ENABLE_OBJC_WEAK = YES;
				CLANG_WARN_BLOCK_CAPTURE_AUTORELEASING = YES;
				CLANG_WARN_BOOL_CONVERSION = YES;
				CLANG_WARN_COMMA = YES;
				CLANG_WARN_CONSTANT_CONVERSION = YES;
				CLANG_WARN_DEPRECATED_OBJC_IMPLEMENTATIONS = YES;
				CLANG_WARN_DIRECT_OBJC_ISA_USAGE = YES_ERROR;
				CLANG_WARN_DOCUMENTATION_COMMENTS = YES;
				CLANG_WARN_EMPTY_BODY = YES;
				CLANG_WARN_ENUM_CONVERSION = YES;
				CLANG_WARN_INFINITE_RECURSION = YES;
				CLANG_WARN_INT_CONVERSION = YES;
				CLANG_WARN_NON_LITERAL_NULL_CONVERSION = YES;
				CLANG_WARN_OBJC_IMPLICIT_RETAIN_SELF = YES;
				CLANG_WARN_OBJC_LITERAL_CONVERSION = YES;
				CLANG_WARN_OBJC_ROOT_CLASS = YES_ERROR;
				CLANG_WARN_RANGE_LOOP_ANALYSIS = YES;
				CLANG_WARN_STRICT_PROTOTYPES = YES;
				CLANG_WARN_SUSPICIOUS_MOVE = YES;
				CLANG_WARN_UNGUARDED_AVAILABILITY = YES_AGGRESSIVE;
				CLANG_WARN_UNREACHABLE_CODE = YES;
				CLANG_WARN__DUPLICATE_METHOD_MATCH = YES;
				CODE_SIGN_IDENTITY = "iPhone Developer";
				COPY_PHASE_STRIP = NO;
				DEBUG_INFORMATION_FORMAT = dwarf;
				ENABLE_STRICT_OBJC_MSGSEND = YES;
				ENABLE_TESTABILITY = YES;
				GCC_C_LANGUAGE_STANDARD = gnu11;
				GCC_DYNAMIC_NO_PIC = NO;
				GCC_NO_COMMON_BLOCKS = YES;
				GCC_OPTIMIZATION_LEVEL = 0;
				GCC_PREPROCESSOR_DEFINITIONS = (
					"DEBUG=1",
					"$(inherited)",
				);
				GCC_WARN_64_TO_32_BIT_CONVERSION = YES;
				GCC_WARN_ABOUT_RETURN_TYPE = YES_ERROR;
				GCC_WARN_UNDECLARED_SELECTOR = YES;
				GCC_WARN_UNINITIALIZED_AUTOS = YES_AGGRESSIVE;
				GCC_WARN_UNUSED_FUNCTION = YES;
				GCC_WARN_UNUSED_VARIABLE = YES;
				IPHONEOS_DEPLOYMENT_TARGET = 12.2;
				MTL_ENABLE_DEBUG_INFO = INCLUDE_SOURCE;
				MTL_FAST_MATH = YES;
				ONLY_ACTIVE_ARCH = YES;
				SDKROOT = iphoneos;
				SWIFT_ACTIVE_COMPILATION_CONDITIONS = DEBUG;
				SWIFT_OPTIMIZATION_LEVEL = "-Onone";
			};
			name = Debug;
		};
		A634F2F122E7644E00F4FA73 /* Release */ = {
			isa = XCBuildConfiguration;
			buildSettings = {
				ALWAYS_SEARCH_USER_PATHS = NO;
				CLANG_ANALYZER_NONNULL = YES;
				CLANG_ANALYZER_NUMBER_OBJECT_CONVERSION = YES_AGGRESSIVE;
				CLANG_CXX_LANGUAGE_STANDARD = "gnu++14";
				CLANG_CXX_LIBRARY = "libc++";
				CLANG_ENABLE_MODULES = YES;
				CLANG_ENABLE_OBJC_ARC = YES;
				CLANG_ENABLE_OBJC_WEAK = YES;
				CLANG_WARN_BLOCK_CAPTURE_AUTORELEASING = YES;
				CLANG_WARN_BOOL_CONVERSION = YES;
				CLANG_WARN_COMMA = YES;
				CLANG_WARN_CONSTANT_CONVERSION = YES;
				CLANG_WARN_DEPRECATED_OBJC_IMPLEMENTATIONS = YES;
				CLANG_WARN_DIRECT_OBJC_ISA_USAGE = YES_ERROR;
				CLANG_WARN_DOCUMENTATION_COMMENTS = YES;
				CLANG_WARN_EMPTY_BODY = YES;
				CLANG_WARN_ENUM_CONVERSION = YES;
				CLANG_WARN_INFINITE_RECURSION = YES;
				CLANG_WARN_INT_CONVERSION = YES;
				CLANG_WARN_NON_LITERAL_NULL_CONVERSION = YES;
				CLANG_WARN_OBJC_IMPLICIT_RETAIN_SELF = YES;
				CLANG_WARN_OBJC_LITERAL_CONVERSION = YES;
				CLANG_WARN_OBJC_ROOT_CLASS = YES_ERROR;
				CLANG_WARN_RANGE_LOOP_ANALYSIS = YES;
				CLANG_WARN_STRICT_PROTOTYPES = YES;
				CLANG_WARN_SUSPICIOUS_MOVE = YES;
				CLANG_WARN_UNGUARDED_AVAILABILITY = YES_AGGRESSIVE;
				CLANG_WARN_UNREACHABLE_CODE = YES;
				CLANG_WARN__DUPLICATE_METHOD_MATCH = YES;
				CODE_SIGN_IDENTITY = "iPhone Developer";
				COPY_PHASE_STRIP = NO;
				DEBUG_INFORMATION_FORMAT = "dwarf-with-dsym";
				ENABLE_NS_ASSERTIONS = NO;
				ENABLE_STRICT_OBJC_MSGSEND = YES;
				GCC_C_LANGUAGE_STANDARD = gnu11;
				GCC_NO_COMMON_BLOCKS = YES;
				GCC_WARN_64_TO_32_BIT_CONVERSION = YES;
				GCC_WARN_ABOUT_RETURN_TYPE = YES_ERROR;
				GCC_WARN_UNDECLARED_SELECTOR = YES;
				GCC_WARN_UNINITIALIZED_AUTOS = YES_AGGRESSIVE;
				GCC_WARN_UNUSED_FUNCTION = YES;
				GCC_WARN_UNUSED_VARIABLE = YES;
				IPHONEOS_DEPLOYMENT_TARGET = 12.2;
				MTL_ENABLE_DEBUG_INFO = NO;
				MTL_FAST_MATH = YES;
				SDKROOT = iphoneos;
				SWIFT_COMPILATION_MODE = wholemodule;
				SWIFT_OPTIMIZATION_LEVEL = "-O";
				VALIDATE_PRODUCT = YES;
			};
			name = Release;
		};
		A634F2F322E7644E00F4FA73 /* Debug */ = {
			isa = XCBuildConfiguration;
			buildSettings = {
				ASSETCATALOG_COMPILER_APPICON_NAME = AppIcon;
				CODE_SIGN_STYLE = Automatic;
				DEVELOPMENT_TEAM = H7KYUZ4899;
				INFOPLIST_FILE = learn/Info.plist;
				LD_RUNPATH_SEARCH_PATHS = (
					"$(inherited)",
					"@executable_path/Frameworks",
				);
				PRODUCT_BUNDLE_IDENTIFIER = slacker.learn;
				PRODUCT_NAME = "$(TARGET_NAME)";
				SWIFT_VERSION = 5.0;
				TARGETED_DEVICE_FAMILY = "1,2";
			};
			name = Debug;
		};
		A634F2F422E7644E00F4FA73 /* Release */ = {
			isa = XCBuildConfiguration;
			buildSettings = {
				ASSETCATALOG_COMPILER_APPICON_NAME = AppIcon;
				CODE_SIGN_STYLE = Automatic;
				DEVELOPMENT_TEAM = H7KYUZ4899;
				INFOPLIST_FILE = learn/Info.plist;
				LD_RUNPATH_SEARCH_PATHS = (
					"$(inherited)",
					"@executable_path/Frameworks",
				);
				PRODUCT_BUNDLE_IDENTIFIER = slacker.learn;
				PRODUCT_NAME = "$(TARGET_NAME)";
				SWIFT_VERSION = 5.0;
				TARGETED_DEVICE_FAMILY = "1,2";
			};
			name = Release;
		};
		A634F2F622E7644E00F4FA73 /* Debug */ = {
			isa = XCBuildConfiguration;
			buildSettings = {
				ALWAYS_EMBED_SWIFT_STANDARD_LIBRARIES = YES;
				BUNDLE_LOADER = "$(TEST_HOST)";
				CODE_SIGN_STYLE = Automatic;
				DEVELOPMENT_TEAM = H7KYUZ4899;
				INFOPLIST_FILE = learnTests/Info.plist;
				LD_RUNPATH_SEARCH_PATHS = (
					"$(inherited)",
					"@executable_path/Frameworks",
					"@loader_path/Frameworks",
				);
				PRODUCT_BUNDLE_IDENTIFIER = slacker.learnTests;
				PRODUCT_NAME = "$(TARGET_NAME)";
				SWIFT_VERSION = 5.0;
				TARGETED_DEVICE_FAMILY = "1,2";
				TEST_HOST = "$(BUILT_PRODUCTS_DIR)/learn.app/learn";
			};
			name = Debug;
		};
		A634F2F722E7644E00F4FA73 /* Release */ = {
			isa = XCBuildConfiguration;
			buildSettings = {
				ALWAYS_EMBED_SWIFT_STANDARD_LIBRARIES = YES;
				BUNDLE_LOADER = "$(TEST_HOST)";
				CODE_SIGN_STYLE = Automatic;
				DEVELOPMENT_TEAM = H7KYUZ4899;
				INFOPLIST_FILE = learnTests/Info.plist;
				LD_RUNPATH_SEARCH_PATHS = (
					"$(inherited)",
					"@executable_path/Frameworks",
					"@loader_path/Frameworks",
				);
				PRODUCT_BUNDLE_IDENTIFIER = slacker.learnTests;
				PRODUCT_NAME = "$(TARGET_NAME)";
				SWIFT_VERSION = 5.0;
				TARGETED_DEVICE_FAMILY = "1,2";
				TEST_HOST = "$(BUILT_PRODUCTS_DIR)/learn.app/learn";
			};
			name = Release;
		};
		A634F2F922E7644E00F4FA73 /* Debug */ = {
			isa = XCBuildConfiguration;
			buildSettings = {
				ALWAYS_EMBED_SWIFT_STANDARD_LIBRARIES = YES;
				CODE_SIGN_STYLE = Automatic;
				DEVELOPMENT_TEAM = H7KYUZ4899;
				INFOPLIST_FILE = learnUITests/Info.plist;
				LD_RUNPATH_SEARCH_PATHS = (
					"$(inherited)",
					"@executable_path/Frameworks",
					"@loader_path/Frameworks",
				);
				PRODUCT_BUNDLE_IDENTIFIER = slacker.learnUITests;
				PRODUCT_NAME = "$(TARGET_NAME)";
				SWIFT_VERSION = 5.0;
				TARGETED_DEVICE_FAMILY = "1,2";
				TEST_TARGET_NAME = learn;
			};
			name = Debug;
		};
		A634F2FA22E7644E00F4FA73 /* Release */ = {
			isa = XCBuildConfiguration;
			buildSettings = {
				ALWAYS_EMBED_SWIFT_STANDARD_LIBRARIES = YES;
				CODE_SIGN_STYLE = Automatic;
				DEVELOPMENT_TEAM = H7KYUZ4899;
				INFOPLIST_FILE = learnUITests/Info.plist;
				LD_RUNPATH_SEARCH_PATHS = (
					"$(inherited)",
					"@executable_path/Frameworks",
					"@loader_path/Frameworks",
				);
				PRODUCT_BUNDLE_IDENTIFIER = slacker.learnUITests;
				PRODUCT_NAME = "$(TARGET_NAME)";
				SWIFT_VERSION = 5.0;
				TARGETED_DEVICE_FAMILY = "1,2";
				TEST_TARGET_NAME = learn;
			};
			name = Release;
		};
/* End XCBuildConfiguration section */

/* Begin XCConfigurationList section */
		A634F2BF22E7644C00F4FA73 /* Build configuration list for PBXProject "learn" */ = {
			isa = XCConfigurationList;
			buildConfigurations = (
				A634F2F022E7644E00F4FA73 /* Debug */,
				A634F2F122E7644E00F4FA73 /* Release */,
			);
			defaultConfigurationIsVisible = 0;
			defaultConfigurationName = Release;
		};
		A634F2F222E7644E00F4FA73 /* Build configuration list for PBXNativeTarget "learn" */ = {
			isa = XCConfigurationList;
			buildConfigurations = (
				A634F2F322E7644E00F4FA73 /* Debug */,
				A634F2F422E7644E00F4FA73 /* Release */,
			);
			defaultConfigurationIsVisible = 0;
			defaultConfigurationName = Release;
		};
		A634F2F522E7644E00F4FA73 /* Build configuration list for PBXNativeTarget "learnTests" */ = {
			isa = XCConfigurationList;
			buildConfigurations = (
				A634F2F622E7644E00F4FA73 /* Debug */,
				A634F2F722E7644E00F4FA73 /* Release */,
			);
			defaultConfigurationIsVisible = 0;
			defaultConfigurationName = Release;
		};
		A634F2F822E7644E00F4FA73 /* Build configuration list for PBXNativeTarget "learnUITests" */ = {
			isa = XCConfigurationList;
			buildConfigurations = (
				A634F2F922E7644E00F4FA73 /* Debug */,
				A634F2FA22E7644E00F4FA73 /* Release */,
			);
			defaultConfigurationIsVisible = 0;
			defaultConfigurationName = Release;
		};
/* End XCConfigurationList section */
	};
	rootObject = A634F2BC22E7644C00F4FA73 /* Project object */;
}
